
Microsoft Visual Studio Solution File, Format Version 12.00
# Visual Studio Version 16
VisualStudioVersion = 16.0.30114.105
MinimumVisualStudioVersion = 10.0.40219.1
Project("{9A19103F-16F7-4668-BE54-9A1E7A4F7556}") = "CustomMiniORM", "CustomMiniORM\CustomMiniORM.csproj", "{9AE49001-89A5-46A1-A333-EBD6DCD6C996}"
EndProject
Project("{FAE04EC0-301F-11D3-BF4B-00C04F79EFBC}") = "MiniORM.App", "MiniORM.App\MiniORM.App.csproj", "{87449E9D-9A47-4EE5-B398-F949DF1FC9DD}"
	ProjectSection(ProjectDependencies) = postProject
		{9AE49001-89A5-46A1-A333-EBD6DCD6C996} = {9AE49001-89A5-46A1-A333-EBD6DCD6C996}
	EndProjectSection
EndProject
Global
	GlobalSection(SolutionConfigurationPlatforms) = preSolution
		Debug|Any CPU = Debug|Any CPU
		Release|Any CPU = Release|Any CPU
	EndGlobalSection
	GlobalSection(ProjectConfigurationPlatforms) = postSolution
		{9AE49001-89A5-46A1-A333-EBD6DCD6C996}.Debug|Any CPU.ActiveCfg = Debug|Any CPU
		{9AE49001-89A5-46A1-A333-EBD6DCD6C996}.Debug|Any CPU.Build.0 = Debug|Any CPU
		{9AE49001-89A5-46A1-A333-EBD6DCD6C996}.Release|Any CPU.ActiveCfg = Release|Any CPU
		{9AE49001-89A5-46A1-A333-EBD6DCD6C996}.Release|Any CPU.Build.0 = Release|Any CPU
		{87449E9D-9A47-4EE5-B398-F949DF1FC9DD}.Debug|Any CPU.ActiveCfg = Debug|Any CPU
		{87449E9D-9A47-4EE5-B398-F949DF1FC9DD}.Debug|Any CPU.Build.0 = Debug|Any CPU
		{87449E9D-9A47-4EE5-B398-F949DF1FC9DD}.Release|Any CPU.ActiveCfg = Release|Any CPU
		{87449E9D-9A47-4EE5-B398-F949DF1FC9DD}.Release|Any CPU.Build.0 = Release|Any CPU
	EndGlobalSection
	GlobalSection(SolutionProperties) = preSolution
		HideSolutionNode = FALSE
	EndGlobalSection
	GlobalSection(ExtensibilityGlobals) = postSolution
		SolutionGuid = {8DD75BFF-BDFE-4BE1-96A7-879F206F1A02}
	EndGlobalSection
EndGlobal
